
Microsoft Visual Studio Solution File, Format Version 12.00
# Visual Studio Version 16
VisualStudioVersion = 16.0.32126.315
MinimumVisualStudioVersion = 10.0.40219.1
Project("{FAE04EC0-301F-11D3-BF4B-00C04F79EFBC}") = "Service Contract", "Service Contract.csproj", "{4D6D79EA-7BA2-4F66-A11F-D863A737244F}"
EndProject
Project("{FAE04EC0-301F-11D3-BF4B-00C04F79EFBC}") = "Service Host", "..\Service Host\Service Host.csproj", "{657CC801-AA1E-4E3B-8C9F-60108B5AE2A5}"
EndProject
Project("{FAE04EC0-301F-11D3-BF4B-00C04F79EFBC}") = "Service Client", "..\Service Client\Service Client.csproj", "{A4027D49-38C6-4761-BCDD-6C18EA8D7A6C}"
EndProject
Global
	GlobalSection(SolutionConfigurationPlatforms) = preSolution
		Debug|Any CPU = Debug|Any CPU
		Release|Any CPU = Release|Any CPU
	EndGlobalSection
	GlobalSection(ProjectConfigurationPlatforms) = postSolution
		{4D6D79EA-7BA2-4F66-A11F-D863A737244F}.Debug|Any CPU.ActiveCfg = Debug|Any CPU
		{4D6D79EA-7BA2-4F66-A11F-D863A737244F}.Debug|Any CPU.Build.0 = Debug|Any CPU
		{4D6D79EA-7BA2-4F66-A11F-D863A737244F}.Release|Any CPU.ActiveCfg = Release|Any CPU
		{4D6D79EA-7BA2-4F66-A11F-D863A737244F}.Release|Any CPU.Build.0 = Release|Any CPU
		{657CC801-AA1E-4E3B-8C9F-60108B5AE2A5}.Debug|Any CPU.ActiveCfg = Debug|Any CPU
		{657CC801-AA1E-4E3B-8C9F-60108B5AE2A5}.Debug|Any CPU.Build.0 = Debug|Any CPU
		{657CC801-AA1E-4E3B-8C9F-60108B5AE2A5}.Release|Any CPU.ActiveCfg = Release|Any CPU
		{657CC801-AA1E-4E3B-8C9F-60108B5AE2A5}.Release|Any CPU.Build.0 = Release|Any CPU
		{A4027D49-38C6-4761-BCDD-6C18EA8D7A6C}.Debug|Any CPU.ActiveCfg = Debug|Any CPU
		{A4027D49-38C6-4761-BCDD-6C18EA8D7A6C}.Debug|Any CPU.Build.0 = Debug|Any CPU
		{A4027D49-38C6-4761-BCDD-6C18EA8D7A6C}.Release|Any CPU.ActiveCfg = Release|Any CPU
		{A4027D49-38C6-4761-BCDD-6C18EA8D7A6C}.Release|Any CPU.Build.0 = Release|Any CPU
	EndGlobalSection
	GlobalSection(SolutionProperties) = preSolution
		HideSolutionNode = FALSE
	EndGlobalSection
	GlobalSection(ExtensibilityGlobals) = postSolution
		SolutionGuid = {3662CE88-29C9-4477-9B1D-F3F14A496641}
	EndGlobalSection
EndGlobal
